# This file is autogenerated, do not edit; changes may be undone by the next 'dep ensure'.


[[projects]]
  branch = "master"
  name = "github.com/google/logger"
  packages = ["."]
  revision = "54b4ae679a63f6d6fd5c0009b2471e637eabf784"

[[projects]]
  branch = "master"
  name = "github.com/portapps/portapps"
  packages = ["."]
  revision = "80e99698c61983bf4eadfbaebfeb59854d7051fe"

[[projects]]
  branch = "master"
  name = "golang.org/x/sys"
  packages = [
    "windows",
    "windows/registry",
    "windows/svc/eventlog"
  ]
  revision = "dd2ff4accc098aceecb86b36eaa7829b2a17b1c9"

[solve-meta]
  analyzer-name = "dep"
  analyzer-version = 1
  inputs-digest = "6c7a78b2bdad75f5fd627d49db4bec2c128c6f1807dc3beae37dce10cd8489a9"
  solver-name = "gps-cdcl"
  solver-version = 1
